<?xml version="1.0" encoding="utf-8"?>
<Project ToolsVersion="16.0" xmlns="http://schemas.microsoft.com/developer/msbuild/2003">
  <ItemGroup>
    <CustomBuild Include="C:\work\ld\sourceLink\oneTBB-2021.2.5\CMakeFiles\388188fa416ff34b05c9e4cf6f34ef77\RUN_TESTS_force.rule">
      <Filter>CMake Rules</Filter>
    </CustomBuild>
  </ItemGroup>
  <ItemGroup>
    <Filter Include="CMake Rules">
      <UniqueIdentifier>{85536FB0-36C9-38FC-AB2A-EDB9BE3AE467}</UniqueIdentifier>
    </Filter>
  </ItemGroup>
</Project>
