<?xml version="1.0" encoding="utf-8"?>
<Project ToolsVersion="16.0" xmlns="http://schemas.microsoft.com/developer/msbuild/2003">
  <ItemGroup>
    <CustomBuild Include="C:\work\ld\oneTBB-2021.2.5\build-dynamic\CMakeFiles\9192d9a69f818a9a28169c3edba19600\PACKAGE_force.rule">
      <Filter>CMake Rules</Filter>
    </CustomBuild>
  </ItemGroup>
  <ItemGroup>
    <Filter Include="CMake Rules">
      <UniqueIdentifier>{66B59910-5E48-36EB-934B-E53D766651D2}</UniqueIdentifier>
    </Filter>
  </ItemGroup>
</Project>
